schema: '2.0'
stages:
  data_ingestion:
    cmd: python src/data/data_ingestion.py
    deps:
    - path: src/data/data_ingestion.py
      hash: md5
      md5: e403ef5795e3009613c30a39e83588ec
      size: 2664
    outs:
    - path: data/raw
      hash: md5
      md5: 5d12c73c6b503f2afda854419f826a53.dir
      size: 151102405
      nfiles: 1
  data_preprocessing:
    cmd: python src/data/data_preprocessing.py
    deps:
    - path: data/raw
      hash: md5
      md5: 5d12c73c6b503f2afda854419f826a53.dir
      size: 151102405
      nfiles: 1
    - path: src/data/data_preprocessing.py
      hash: md5
      md5: fcc35ed8533be4f99199611b746fdae3
      size: 3488
    params:
      params.yaml:
        data_preprocessing.test_size: 0.2
    outs:
    - path: data/interim
      hash: md5
      md5: 9f7a70e1ccebfc7ae2929d9d07df8b3e.dir
      size: 516767
      nfiles: 2
  feature_engineering:
    cmd: python src/features/feature_engineering.py
    deps:
    - path: data/interim
      hash: md5
      md5: 9f7a70e1ccebfc7ae2929d9d07df8b3e.dir
      size: 516767
      nfiles: 2
    - path: src/features/feature_engineering.py
      hash: md5
      md5: b4d8a785bac2f2086f51435f88860a4d
      size: 3070
    outs:
    - path: data/processed
      hash: md5
      md5: 60343148f2080b9bba26847d2d73f60a.dir
      size: 585552
      nfiles: 2
  model_building:
    cmd: python src/model/model_building.py
    deps:
    - path: data/processed
      hash: md5
      md5: 60343148f2080b9bba26847d2d73f60a.dir
      size: 585552
      nfiles: 2
    - path: src/model/model_building.py
      hash: md5
      md5: 269ad9984c8f609f7f65eaeb04e53330
      size: 3507
    params:
      params.yaml:
        model.C: 0.1
        model.penalty: l2
        model.solver: liblinear
    outs:
    - path: models/model.pkl
      hash: md5
      md5: a12823bbe58cdd11e781737d62d199c5
      size: 958
  model_evaluation:
    cmd: python src/model/model_evaluation.py
    deps:
    - path: models/model.pkl
      hash: md5
      md5: a12823bbe58cdd11e781737d62d199c5
      size: 958
    - path: src/model/model_evaluation.py
      hash: md5
      md5: 723eef9c111e82c3f2bf2a965ca64fe3
      size: 5610
    outs:
    - path: reports/experiment_info.json
      hash: md5
      md5: 03f74982f8108ba2211c9186139f20a0
      size: 82
    - path: reports/metrics.json
      hash: md5
      md5: 1077fd48e2508e244edbbf9f61556eaa
      size: 143
  model_registration:
    cmd: python src/model/register_model.py
    deps:
    - path: reports/experiment_info.json
      hash: md5
      md5: 03f74982f8108ba2211c9186139f20a0
      size: 82
    - path: src/model/register_model.py
      hash: md5
      md5: ca985e8be6de76f41017a5121998b75b
      size: 4135
